
Microsoft Visual Studio Solution File, Format Version 12.00
# Visual Studio Version 16
VisualStudioVersion = 16.0.31410.357
MinimumVisualStudioVersion = 10.0.40219.1
Project("{FAE04EC0-301F-11D3-BF4B-00C04F79EFBC}") = "SimpleMailServer", "SimpleMailServer\SimpleMailServer.csproj", "{E9C9D50B-7CBB-4200-A388-6DB3A08FC895}"
EndProject
Global
	GlobalSection(SolutionConfigurationPlatforms) = preSolution
		Debug|Any CPU = Debug|Any CPU
		Release|Any CPU = Release|Any CPU
	EndGlobalSection
	GlobalSection(ProjectConfigurationPlatforms) = postSolution
		{E9C9D50B-7CBB-4200-A388-6DB3A08FC895}.Debug|Any CPU.ActiveCfg = Debug|Any CPU
		{E9C9D50B-7CBB-4200-A388-6DB3A08FC895}.Debug|Any CPU.Build.0 = Debug|Any CPU
		{E9C9D50B-7CBB-4200-A388-6DB3A08FC895}.Release|Any CPU.ActiveCfg = Release|Any CPU
		{E9C9D50B-7CBB-4200-A388-6DB3A08FC895}.Release|Any CPU.Build.0 = Release|Any CPU
	EndGlobalSection
	GlobalSection(SolutionProperties) = preSolution
		HideSolutionNode = FALSE
	EndGlobalSection
	GlobalSection(ExtensibilityGlobals) = postSolution
		SolutionGuid = {7C89D5CF-CFDF-451F-9C4D-FC3FA0E27DD7}
	EndGlobalSection
EndGlobal
