
Microsoft Visual Studio Solution File, Format Version 12.00
# Visual Studio Version 16
VisualStudioVersion = 16.0.31410.357
MinimumVisualStudioVersion = 10.0.40219.1
Project("{FAE04EC0-301F-11D3-BF4B-00C04F79EFBC}") = "SimpleMailClient", "SimpleMailClient\SimpleMailClient.csproj", "{D116C0CB-DCE6-4CDB-88EE-600C2DBEF216}"
EndProject
Global
	GlobalSection(SolutionConfigurationPlatforms) = preSolution
		Debug|Any CPU = Debug|Any CPU
		Release|Any CPU = Release|Any CPU
	EndGlobalSection
	GlobalSection(ProjectConfigurationPlatforms) = postSolution
		{D116C0CB-DCE6-4CDB-88EE-600C2DBEF216}.Debug|Any CPU.ActiveCfg = Debug|Any CPU
		{D116C0CB-DCE6-4CDB-88EE-600C2DBEF216}.Debug|Any CPU.Build.0 = Debug|Any CPU
		{D116C0CB-DCE6-4CDB-88EE-600C2DBEF216}.Release|Any CPU.ActiveCfg = Release|Any CPU
		{D116C0CB-DCE6-4CDB-88EE-600C2DBEF216}.Release|Any CPU.Build.0 = Release|Any CPU
	EndGlobalSection
	GlobalSection(SolutionProperties) = preSolution
		HideSolutionNode = FALSE
	EndGlobalSection
	GlobalSection(ExtensibilityGlobals) = postSolution
		SolutionGuid = {56D26118-DE73-4836-9FEB-3EF5A204393D}
	EndGlobalSection
EndGlobal
